
Microsoft Visual Studio Solution File, Format Version 12.00
# Visual Studio Version 17
VisualStudioVersion = 17.11.35208.52
MinimumVisualStudioVersion = 10.0.40219.1
Project("{9A19103F-16F7-4668-BE54-9A1E7A4F7556}") = "Examen2DSE", "Examen2DSE\Examen2DSE.csproj", "{DF54F702-336F-4FEC-A606-FA3028AA6A6B}"
EndProject
Project("{FAE04EC0-301F-11D3-BF4B-00C04F79EFBC}") = "Examen2DSE.Tests", "Examen2DSE.Tests\Examen2DSE.Tests.csproj", "{B3D2E051-E965-4A48-B7DE-8920F76E3E0B}"
EndProject
Global
	GlobalSection(SolutionConfigurationPlatforms) = preSolution
		Debug|Any CPU = Debug|Any CPU
		Release|Any CPU = Release|Any CPU
	EndGlobalSection
	GlobalSection(ProjectConfigurationPlatforms) = postSolution
		{DF54F702-336F-4FEC-A606-FA3028AA6A6B}.Debug|Any CPU.ActiveCfg = Debug|Any CPU
		{DF54F702-336F-4FEC-A606-FA3028AA6A6B}.Debug|Any CPU.Build.0 = Debug|Any CPU
		{DF54F702-336F-4FEC-A606-FA3028AA6A6B}.Release|Any CPU.ActiveCfg = Release|Any CPU
		{DF54F702-336F-4FEC-A606-FA3028AA6A6B}.Release|Any CPU.Build.0 = Release|Any CPU
		{B3D2E051-E965-4A48-B7DE-8920F76E3E0B}.Debug|Any CPU.ActiveCfg = Debug|Any CPU
		{B3D2E051-E965-4A48-B7DE-8920F76E3E0B}.Debug|Any CPU.Build.0 = Debug|Any CPU
		{B3D2E051-E965-4A48-B7DE-8920F76E3E0B}.Release|Any CPU.ActiveCfg = Release|Any CPU
		{B3D2E051-E965-4A48-B7DE-8920F76E3E0B}.Release|Any CPU.Build.0 = Release|Any CPU
	EndGlobalSection
	GlobalSection(SolutionProperties) = preSolution
		HideSolutionNode = FALSE
	EndGlobalSection
	GlobalSection(ExtensibilityGlobals) = postSolution
		SolutionGuid = {5D65A7F5-EED3-431B-B4E2-0A0C676166A7}
	EndGlobalSection
EndGlobal
